// !$*UTF8*$!
{
	archiveVersion = 1;
	classes = {
	};
	objectVersion = 51;
	objects = {

/* Begin PBXBuildFile section */
		39F8F899FF1B777D7EB21E2C /* Pods_CompaniesMembersTests.framework in Frameworks */ = {isa = PBXBuildFile; fileRef = 7488EEBC15883EE860F4DAC5 /* Pods_CompaniesMembersTests.framework */; };
		69286EB9C4048DC941E0D527 /* Pods_CompaniesMembers.framework in Frameworks */ = {isa = PBXBuildFile; fileRef = 306FE66266F09AC527FDE5DD /* Pods_CompaniesMembers.framework */; };
		8425E8502398027600665876 /* AppDelegate.swift in Sources */ = {isa = PBXBuildFile; fileRef = 8425E84F2398027600665876 /* AppDelegate.swift */; };
		8425E8522398027600665876 /* SceneDelegate.swift in Sources */ = {isa = PBXBuildFile; fileRef = 8425E8512398027600665876 /* SceneDelegate.swift */; };
		8425E8572398027600665876 /* Main.storyboard in Resources */ = {isa = PBXBuildFile; fileRef = 8425E8552398027600665876 /* Main.storyboard */; };
		8425E8592398027700665876 /* Assets.xcassets in Resources */ = {isa = PBXBuildFile; fileRef = 8425E8582398027700665876 /* Assets.xcassets */; };
		8425E85C2398027700665876 /* LaunchScreen.storyboard in Resources */ = {isa = PBXBuildFile; fileRef = 8425E85A2398027700665876 /* LaunchScreen.storyboard */; };
		8425E8672398027800665876 /* CompaniesMembersTests.swift in Sources */ = {isa = PBXBuildFile; fileRef = 8425E8662398027800665876 /* CompaniesMembersTests.swift */; };
		8425E8722398027800665876 /* CompaniesMembersUITests.swift in Sources */ = {isa = PBXBuildFile; fileRef = 8425E8712398027800665876 /* CompaniesMembersUITests.swift */; };
		8425E8912398067F00665876 /* Company.swift in Sources */ = {isa = PBXBuildFile; fileRef = 8425E8902398067F00665876 /* Company.swift */; };
		8425E8932398068800665876 /* Member.swift in Sources */ = {isa = PBXBuildFile; fileRef = 8425E8922398068800665876 /* Member.swift */; };
		8425E896239806FD00665876 /* CompanyTableViewCell.swift in Sources */ = {isa = PBXBuildFile; fileRef = 8425E894239806FD00665876 /* CompanyTableViewCell.swift */; };
		8425E897239806FD00665876 /* CompanyTableViewCell.xib in Resources */ = {isa = PBXBuildFile; fileRef = 8425E895239806FD00665876 /* CompanyTableViewCell.xib */; };
		8425E89C2398071E00665876 /* MemberTableViewCell.swift in Sources */ = {isa = PBXBuildFile; fileRef = 8425E89A2398071E00665876 /* MemberTableViewCell.swift */; };
		8425E89D2398071E00665876 /* MemberTableViewCell.xib in Resources */ = {isa = PBXBuildFile; fileRef = 8425E89B2398071E00665876 /* MemberTableViewCell.xib */; };
		8425E89F2398073300665876 /* CompanyRepo.swift in Sources */ = {isa = PBXBuildFile; fileRef = 8425E89E2398073300665876 /* CompanyRepo.swift */; };
		8425E8A12398079100665876 /* ListViewModel.swift in Sources */ = {isa = PBXBuildFile; fileRef = 8425E8A02398079100665876 /* ListViewModel.swift */; };
		8425E8A523980D2F00665876 /* Bindable.swift in Sources */ = {isa = PBXBuildFile; fileRef = 8425E8A423980D2F00665876 /* Bindable.swift */; };
		8425E8A723980D5200665876 /* BindableTest.swift in Sources */ = {isa = PBXBuildFile; fileRef = 8425E8A623980D5100665876 /* BindableTest.swift */; };
		8425E8A9239812E000665876 /* ListViewController.swift in Sources */ = {isa = PBXBuildFile; fileRef = 8425E8A8239812E000665876 /* ListViewController.swift */; };
		8425E8AB2398130100665876 /* CompanyListViewController.swift in Sources */ = {isa = PBXBuildFile; fileRef = 8425E8AA2398130100665876 /* CompanyListViewController.swift */; };
		8425E8AD2398130F00665876 /* MemberListViewController.swift in Sources */ = {isa = PBXBuildFile; fileRef = 8425E8AC2398130F00665876 /* MemberListViewController.swift */; };
		8425E8AF2398132000665876 /* ListItemViewModel.swift in Sources */ = {isa = PBXBuildFile; fileRef = 8425E8AE2398132000665876 /* ListItemViewModel.swift */; };
		8425E8B2239814CD00665876 /* CompanyListItemViewModel.swift in Sources */ = {isa = PBXBuildFile; fileRef = 8425E8B1239814CD00665876 /* CompanyListItemViewModel.swift */; };
		84C5B1012398172300702771 /* MemberListItemViewModel.swift in Sources */ = {isa = PBXBuildFile; fileRef = 84C5B1002398172300702771 /* MemberListItemViewModel.swift */; };
		84C5B10323981E1D00702771 /* CompanyListViewModel.swift in Sources */ = {isa = PBXBuildFile; fileRef = 84C5B10223981E1D00702771 /* CompanyListViewModel.swift */; };
		84C5B10523981E2700702771 /* MemberListViewModel.swift in Sources */ = {isa = PBXBuildFile; fileRef = 84C5B10423981E2700702771 /* MemberListViewModel.swift */; };
		84C5B1072399893B00702771 /* String+Extension.swift in Sources */ = {isa = PBXBuildFile; fileRef = 84C5B1062399893B00702771 /* String+Extension.swift */; };
		B4D698F9B144E7814D0A43D9 /* Pods_CompaniesMembers_CompaniesMembersUITests.framework in Frameworks */ = {isa = PBXBuildFile; fileRef = BA655C749561AA86FCFCE1B5 /* Pods_CompaniesMembers_CompaniesMembersUITests.framework */; };
/* End PBXBuildFile section */

/* Begin PBXContainerItemProxy section */
		8425E8632398027800665876 /* PBXContainerItemProxy */ = {
			isa = PBXContainerItemProxy;
			containerPortal = 8425E8442398027600665876 /* Project object */;
			proxyType = 1;
			remoteGlobalIDString = 8425E84B2398027600665876;
			remoteInfo = CompaniesMembers;
		};
		8425E86E2398027800665876 /* PBXContainerItemProxy */ = {
			isa = PBXContainerItemProxy;
			containerPortal = 8425E8442398027600665876 /* Project object */;
			proxyType = 1;
			remoteGlobalIDString = 8425E84B2398027600665876;
			remoteInfo = CompaniesMembers;
		};
/* End PBXContainerItemProxy section */

/* Begin PBXFileReference section */
		306FE66266F09AC527FDE5DD /* Pods_CompaniesMembers.framework */ = {isa = PBXFileReference; explicitFileType = wrapper.framework; includeInIndex = 0; path = Pods_CompaniesMembers.framework; sourceTree = BUILT_PRODUCTS_DIR; };
		4BF5BC1C060DEFCF249BBF4A /* Pods-CompaniesMembers-CompaniesMembersUITests.release.xcconfig */ = {isa = PBXFileReference; includeInIndex = 1; lastKnownFileType = text.xcconfig; name = "Pods-CompaniesMembers-CompaniesMembersUITests.release.xcconfig"; path = "Target Support Files/Pods-CompaniesMembers-CompaniesMembersUITests/Pods-CompaniesMembers-CompaniesMembersUITests.release.xcconfig"; sourceTree = "<group>"; };
		59A5613296FF1D0900540EE2 /* Pods-CompaniesMembers-CompaniesMembersUITests.debug.xcconfig */ = {isa = PBXFileReference; includeInIndex = 1; lastKnownFileType = text.xcconfig; name = "Pods-CompaniesMembers-CompaniesMembersUITests.debug.xcconfig"; path = "Target Support Files/Pods-CompaniesMembers-CompaniesMembersUITests/Pods-CompaniesMembers-CompaniesMembersUITests.debug.xcconfig"; sourceTree = "<group>"; };
		7488EEBC15883EE860F4DAC5 /* Pods_CompaniesMembersTests.framework */ = {isa = PBXFileReference; explicitFileType = wrapper.framework; includeInIndex = 0; path = Pods_CompaniesMembersTests.framework; sourceTree = BUILT_PRODUCTS_DIR; };
		7601DE7133D897D628B4474C /* Pods-CompaniesMembers.debug.xcconfig */ = {isa = PBXFileReference; includeInIndex = 1; lastKnownFileType = text.xcconfig; name = "Pods-CompaniesMembers.debug.xcconfig"; path = "Target Support Files/Pods-CompaniesMembers/Pods-CompaniesMembers.debug.xcconfig"; sourceTree = "<group>"; };
		8425E84C2398027600665876 /* CompaniesMembers.app */ = {isa = PBXFileReference; explicitFileType = wrapper.application; includeInIndex = 0; path = CompaniesMembers.app; sourceTree = BUILT_PRODUCTS_DIR; };
		8425E84F2398027600665876 /* AppDelegate.swift */ = {isa = PBXFileReference; lastKnownFileType = sourcecode.swift; path = AppDelegate.swift; sourceTree = "<group>"; };
		8425E8512398027600665876 /* SceneDelegate.swift */ = {isa = PBXFileReference; lastKnownFileType = sourcecode.swift; path = SceneDelegate.swift; sourceTree = "<group>"; };
		8425E8562398027600665876 /* Base */ = {isa = PBXFileReference; lastKnownFileType = file.storyboard; name = Base; path = Base.lproj/Main.storyboard; sourceTree = "<group>"; };
		8425E8582398027700665876 /* Assets.xcassets */ = {isa = PBXFileReference; lastKnownFileType = folder.assetcatalog; path = Assets.xcassets; sourceTree = "<group>"; };
		8425E85B2398027700665876 /* Base */ = {isa = PBXFileReference; lastKnownFileType = file.storyboard; name = Base; path = Base.lproj/LaunchScreen.storyboard; sourceTree = "<group>"; };
		8425E85D2398027700665876 /* Info.plist */ = {isa = PBXFileReference; lastKnownFileType = text.plist.xml; path = Info.plist; sourceTree = "<group>"; };
		8425E8622398027800665876 /* CompaniesMembersTests.xctest */ = {isa = PBXFileReference; explicitFileType = wrapper.cfbundle; includeInIndex = 0; path = CompaniesMembersTests.xctest; sourceTree = BUILT_PRODUCTS_DIR; };
		8425E8662398027800665876 /* CompaniesMembersTests.swift */ = {isa = PBXFileReference; lastKnownFileType = sourcecode.swift; path = CompaniesMembersTests.swift; sourceTree = "<group>"; };
		8425E8682398027800665876 /* Info.plist */ = {isa = PBXFileReference; lastKnownFileType = text.plist.xml; path = Info.plist; sourceTree = "<group>"; };
		8425E86D2398027800665876 /* CompaniesMembersUITests.xctest */ = {isa = PBXFileReference; explicitFileType = wrapper.cfbundle; includeInIndex = 0; path = CompaniesMembersUITests.xctest; sourceTree = BUILT_PRODUCTS_DIR; };
		8425E8712398027800665876 /* CompaniesMembersUITests.swift */ = {isa = PBXFileReference; lastKnownFileType = sourcecode.swift; path = CompaniesMembersUITests.swift; sourceTree = "<group>"; };
		8425E8732398027800665876 /* Info.plist */ = {isa = PBXFileReference; lastKnownFileType = text.plist.xml; path = Info.plist; sourceTree = "<group>"; };
		8425E8902398067F00665876 /* Company.swift */ = {isa = PBXFileReference; lastKnownFileType = sourcecode.swift; path = Company.swift; sourceTree = "<group>"; };
		8425E8922398068800665876 /* Member.swift */ = {isa = PBXFileReference; lastKnownFileType = sourcecode.swift; path = Member.swift; sourceTree = "<group>"; };
		8425E894239806FD00665876 /* CompanyTableViewCell.swift */ = {isa = PBXFileReference; lastKnownFileType = sourcecode.swift; path = CompanyTableViewCell.swift; sourceTree = "<group>"; };
		8425E895239806FD00665876 /* CompanyTableViewCell.xib */ = {isa = PBXFileReference; lastKnownFileType = file.xib; path = CompanyTableViewCell.xib; sourceTree = "<group>"; };
		8425E89A2398071E00665876 /* MemberTableViewCell.swift */ = {isa = PBXFileReference; lastKnownFileType = sourcecode.swift; path = MemberTableViewCell.swift; sourceTree = "<group>"; };
		8425E89B2398071E00665876 /* MemberTableViewCell.xib */ = {isa = PBXFileReference; lastKnownFileType = file.xib; path = MemberTableViewCell.xib; sourceTree = "<group>"; };
		8425E89E2398073300665876 /* CompanyRepo.swift */ = {isa = PBXFileReference; lastKnownFileType = sourcecode.swift; path = CompanyRepo.swift; sourceTree = "<group>"; };
		8425E8A02398079100665876 /* ListViewModel.swift */ = {isa = PBXFileReference; lastKnownFileType = sourcecode.swift; path = ListViewModel.swift; sourceTree = "<group>"; };
		8425E8A423980D2F00665876 /* Bindable.swift */ = {isa = PBXFileReference; fileEncoding = 4; lastKnownFileType = sourcecode.swift; path = Bindable.swift; sourceTree = "<group>"; };
		8425E8A623980D5100665876 /* BindableTest.swift */ = {isa = PBXFileReference; fileEncoding = 4; lastKnownFileType = sourcecode.swift; path = BindableTest.swift; sourceTree = "<group>"; };
		8425E8A8239812E000665876 /* ListViewController.swift */ = {isa = PBXFileReference; lastKnownFileType = sourcecode.swift; path = ListViewController.swift; sourceTree = "<group>"; };
		8425E8AA2398130100665876 /* CompanyListViewController.swift */ = {isa = PBXFileReference; lastKnownFileType = sourcecode.swift; path = CompanyListViewController.swift; sourceTree = "<group>"; };
		8425E8AC2398130F00665876 /* MemberListViewController.swift */ = {isa = PBXFileReference; lastKnownFileType = sourcecode.swift; path = MemberListViewController.swift; sourceTree = "<group>"; };
		8425E8AE2398132000665876 /* ListItemViewModel.swift */ = {isa = PBXFileReference; lastKnownFileType = sourcecode.swift; path = ListItemViewModel.swift; sourceTree = "<group>"; };
		8425E8B1239814CD00665876 /* CompanyListItemViewModel.swift */ = {isa = PBXFileReference; lastKnownFileType = sourcecode.swift; path = CompanyListItemViewModel.swift; sourceTree = "<group>"; };
		84C5B1002398172300702771 /* MemberListItemViewModel.swift */ = {isa = PBXFileReference; lastKnownFileType = sourcecode.swift; path = MemberListItemViewModel.swift; sourceTree = "<group>"; };
		84C5B10223981E1D00702771 /* CompanyListViewModel.swift */ = {isa = PBXFileReference; lastKnownFileType = sourcecode.swift; path = CompanyListViewModel.swift; sourceTree = "<group>"; };
		84C5B10423981E2700702771 /* MemberListViewModel.swift */ = {isa = PBXFileReference; lastKnownFileType = sourcecode.swift; path = MemberListViewModel.swift; sourceTree = "<group>"; };
		84C5B1062399893B00702771 /* String+Extension.swift */ = {isa = PBXFileReference; fileEncoding = 4; lastKnownFileType = sourcecode.swift; path = "String+Extension.swift"; sourceTree = "<group>"; };
		978AD8E07A6DB89A45271411 /* Pods-CompaniesMembersTests.release.xcconfig */ = {isa = PBXFileReference; includeInIndex = 1; lastKnownFileType = text.xcconfig; name = "Pods-CompaniesMembersTests.release.xcconfig"; path = "Target Support Files/Pods-CompaniesMembersTests/Pods-CompaniesMembersTests.release.xcconfig"; sourceTree = "<group>"; };
		BA655C749561AA86FCFCE1B5 /* Pods_CompaniesMembers_CompaniesMembersUITests.framework */ = {isa = PBXFileReference; explicitFileType = wrapper.framework; includeInIndex = 0; path = Pods_CompaniesMembers_CompaniesMembersUITests.framework; sourceTree = BUILT_PRODUCTS_DIR; };
		C39BB10416B4C97191D97DFB /* Pods-CompaniesMembers.release.xcconfig */ = {isa = PBXFileReference; includeInIndex = 1; lastKnownFileType = text.xcconfig; name = "Pods-CompaniesMembers.release.xcconfig"; path = "Target Support Files/Pods-CompaniesMembers/Pods-CompaniesMembers.release.xcconfig"; sourceTree = "<group>"; };
		D2E4E4F07579958E1A6B0500 /* Pods-CompaniesMembersTests.debug.xcconfig */ = {isa = PBXFileReference; includeInIndex = 1; lastKnownFileType = text.xcconfig; name = "Pods-CompaniesMembersTests.debug.xcconfig"; path = "Target Support Files/Pods-CompaniesMembersTests/Pods-CompaniesMembersTests.debug.xcconfig"; sourceTree = "<group>"; };
/* End PBXFileReference section */

/* Begin PBXFrameworksBuildPhase section */
		8425E8492398027600665876 /* Frameworks */ = {
			isa = PBXFrameworksBuildPhase;
			buildActionMask = 2147483647;
			files = (
				69286EB9C4048DC941E0D527 /* Pods_CompaniesMembers.framework in Frameworks */,
			);
			runOnlyForDeploymentPostprocessing = 0;
		};
		8425E85F2398027800665876 /* Frameworks */ = {
			isa = PBXFrameworksBuildPhase;
			buildActionMask = 2147483647;
			files = (
				39F8F899FF1B777D7EB21E2C /* Pods_CompaniesMembersTests.framework in Frameworks */,
			);
			runOnlyForDeploymentPostprocessing = 0;
		};
		8425E86A2398027800665876 /* Frameworks */ = {
			isa = PBXFrameworksBuildPhase;
			buildActionMask = 2147483647;
			files = (
				B4D698F9B144E7814D0A43D9 /* Pods_CompaniesMembers_CompaniesMembersUITests.framework in Frameworks */,
			);
			runOnlyForDeploymentPostprocessing = 0;
		};
/* End PBXFrameworksBuildPhase section */

/* Begin PBXGroup section */
		4E93C0A1819D5133B9460DA7 /* Pods */ = {
			isa = PBXGroup;
			children = (
				7601DE7133D897D628B4474C /* Pods-CompaniesMembers.debug.xcconfig */,
				C39BB10416B4C97191D97DFB /* Pods-CompaniesMembers.release.xcconfig */,
				59A5613296FF1D0900540EE2 /* Pods-CompaniesMembers-CompaniesMembersUITests.debug.xcconfig */,
				4BF5BC1C060DEFCF249BBF4A /* Pods-CompaniesMembers-CompaniesMembersUITests.release.xcconfig */,
				D2E4E4F07579958E1A6B0500 /* Pods-CompaniesMembersTests.debug.xcconfig */,
				978AD8E07A6DB89A45271411 /* Pods-CompaniesMembersTests.release.xcconfig */,
			);
			path = Pods;
			sourceTree = "<group>";
		};
		8425E8432398027600665876 = {
			isa = PBXGroup;
			children = (
				8425E84E2398027600665876 /* CompaniesMembers */,
				8425E8652398027800665876 /* CompaniesMembersTests */,
				8425E8702398027800665876 /* CompaniesMembersUITests */,
				8425E84D2398027600665876 /* Products */,
				4E93C0A1819D5133B9460DA7 /* Pods */,
				88F78C81E53009E49F8098D8 /* Frameworks */,
			);
			sourceTree = "<group>";
		};
		8425E84D2398027600665876 /* Products */ = {
			isa = PBXGroup;
			children = (
				8425E84C2398027600665876 /* CompaniesMembers.app */,
				8425E8622398027800665876 /* CompaniesMembersTests.xctest */,
				8425E86D2398027800665876 /* CompaniesMembersUITests.xctest */,
			);
			name = Products;
			sourceTree = "<group>";
		};
		8425E84E2398027600665876 /* CompaniesMembers */ = {
			isa = PBXGroup;
			children = (
				8425E88E239805F100665876 /* Model */,
				8425E88B239805F100665876 /* Repository */,
				8425E88F239805F100665876 /* Utility */,
				8425E88D239805F100665876 /* View */,
				8425E88C239805F100665876 /* ViewModel */,
				8425E84F2398027600665876 /* AppDelegate.swift */,
				8425E8512398027600665876 /* SceneDelegate.swift */,
				8425E8552398027600665876 /* Main.storyboard */,
				8425E8582398027700665876 /* Assets.xcassets */,
				8425E85A2398027700665876 /* LaunchScreen.storyboard */,
				8425E85D2398027700665876 /* Info.plist */,
			);
			path = CompaniesMembers;
			sourceTree = "<group>";
		};
		8425E8652398027800665876 /* CompaniesMembersTests */ = {
			isa = PBXGroup;
			children = (
				8425E8A623980D5100665876 /* BindableTest.swift */,
				8425E8662398027800665876 /* CompaniesMembersTests.swift */,
				8425E8682398027800665876 /* Info.plist */,
			);
			path = CompaniesMembersTests;
			sourceTree = "<group>";
		};
		8425E8702398027800665876 /* CompaniesMembersUITests */ = {
			isa = PBXGroup;
			children = (
				8425E8712398027800665876 /* CompaniesMembersUITests.swift */,
				8425E8732398027800665876 /* Info.plist */,
			);
			path = CompaniesMembersUITests;
			sourceTree = "<group>";
		};
		8425E88B239805F100665876 /* Repository */ = {
			isa = PBXGroup;
			children = (
				8425E89E2398073300665876 /* CompanyRepo.swift */,
			);
			path = Repository;
			sourceTree = "<group>";
		};
		8425E88C239805F100665876 /* ViewModel */ = {
			isa = PBXGroup;
			children = (
				8425E8B0239814AE00665876 /* ListItemViewModel */,
				8425E8A423980D2F00665876 /* Bindable.swift */,
				84C5B10223981E1D00702771 /* CompanyListViewModel.swift */,
				84C5B10423981E2700702771 /* MemberListViewModel.swift */,
				8425E8A02398079100665876 /* ListViewModel.swift */,
			);
			path = ViewModel;
			sourceTree = "<group>";
		};
		8425E88D239805F100665876 /* View */ = {
			isa = PBXGroup;
			children = (
				8425E894239806FD00665876 /* CompanyTableViewCell.swift */,
				8425E895239806FD00665876 /* CompanyTableViewCell.xib */,
				8425E89A2398071E00665876 /* MemberTableViewCell.swift */,
				8425E89B2398071E00665876 /* MemberTableViewCell.xib */,
				8425E8A8239812E000665876 /* ListViewController.swift */,
				8425E8AA2398130100665876 /* CompanyListViewController.swift */,
				8425E8AC2398130F00665876 /* MemberListViewController.swift */,
			);
			path = View;
			sourceTree = "<group>";
		};
		8425E88E239805F100665876 /* Model */ = {
			isa = PBXGroup;
			children = (
				8425E8902398067F00665876 /* Company.swift */,
				8425E8922398068800665876 /* Member.swift */,
			);
			path = Model;
			sourceTree = "<group>";
		};
		8425E88F239805F100665876 /* Utility */ = {
			isa = PBXGroup;
			children = (
				84C5B1062399893B00702771 /* String+Extension.swift */,
			);
			path = Utility;
			sourceTree = "<group>";
		};
		8425E8B0239814AE00665876 /* ListItemViewModel */ = {
			isa = PBXGroup;
			children = (
				8425E8AE2398132000665876 /* ListItemViewModel.swift */,
				8425E8B1239814CD00665876 /* CompanyListItemViewModel.swift */,
				84C5B1002398172300702771 /* MemberListItemViewModel.swift */,
			);
			path = ListItemViewModel;
			sourceTree = "<group>";
		};
		88F78C81E53009E49F8098D8 /* Frameworks */ = {
			isa = PBXGroup;
			children = (
				306FE66266F09AC527FDE5DD /* Pods_CompaniesMembers.framework */,
				BA655C749561AA86FCFCE1B5 /* Pods_CompaniesMembers_CompaniesMembersUITests.framework */,
				7488EEBC15883EE860F4DAC5 /* Pods_CompaniesMembersTests.framework */,
			);
			name = Frameworks;
			sourceTree = "<group>";
		};
/* End PBXGroup section */

/* Begin PBXNativeTarget section */
		8425E84B2398027600665876 /* CompaniesMembers */ = {
			isa = PBXNativeTarget;
			buildConfigurationList = 8425E8762398027800665876 /* Build configuration list for PBXNativeTarget "CompaniesMembers" */;
			buildPhases = (
				DB9C7B08FA5ECAD50A115F7E /* [CP] Check Pods Manifest.lock */,
				8425E8482398027600665876 /* Sources */,
				8425E8492398027600665876 /* Frameworks */,
				8425E84A2398027600665876 /* Resources */,
				1026E83976B489FD852E9F67 /* [CP] Embed Pods Frameworks */,
			);
			buildRules = (
			);
			dependencies = (
			);
			name = CompaniesMembers;
			productName = CompaniesMembers;
			productReference = 8425E84C2398027600665876 /* CompaniesMembers.app */;
			productType = "com.apple.product-type.application";
		};
		8425E8612398027800665876 /* CompaniesMembersTests */ = {
			isa = PBXNativeTarget;
			buildConfigurationList = 8425E8792398027800665876 /* Build configuration list for PBXNativeTarget "CompaniesMembersTests" */;
			buildPhases = (
				EEDE2D025E7CBE1AFD7CF4B2 /* [CP] Check Pods Manifest.lock */,
				8425E85E2398027800665876 /* Sources */,
				8425E85F2398027800665876 /* Frameworks */,
				8425E8602398027800665876 /* Resources */,
			);
			buildRules = (
			);
			dependencies = (
				8425E8642398027800665876 /* PBXTargetDependency */,
			);
			name = CompaniesMembersTests;
			productName = CompaniesMembersTests;
			productReference = 8425E8622398027800665876 /* CompaniesMembersTests.xctest */;
			productType = "com.apple.product-type.bundle.unit-test";
		};
		8425E86C2398027800665876 /* CompaniesMembersUITests */ = {
			isa = PBXNativeTarget;
			buildConfigurationList = 8425E87C2398027800665876 /* Build configuration list for PBXNativeTarget "CompaniesMembersUITests" */;
			buildPhases = (
				04EC263CC5D5E27191CA7C40 /* [CP] Check Pods Manifest.lock */,
				8425E8692398027800665876 /* Sources */,
				8425E86A2398027800665876 /* Frameworks */,
				8425E86B2398027800665876 /* Resources */,
				944899A2CB4F75713A86ECC4 /* [CP] Embed Pods Frameworks */,
			);
			buildRules = (
			);
			dependencies = (
				8425E86F2398027800665876 /* PBXTargetDependency */,
			);
			name = CompaniesMembersUITests;
			productName = CompaniesMembersUITests;
			productReference = 8425E86D2398027800665876 /* CompaniesMembersUITests.xctest */;
			productType = "com.apple.product-type.bundle.ui-testing";
		};
/* End PBXNativeTarget section */

/* Begin PBXProject section */
		8425E8442398027600665876 /* Project object */ = {
			isa = PBXProject;
			attributes = {
				LastSwiftUpdateCheck = 1120;
				LastUpgradeCheck = 1120;
				ORGANIZATIONNAME = "Duy Cao";
				TargetAttributes = {
					8425E84B2398027600665876 = {
						CreatedOnToolsVersion = 11.2.1;
					};
					8425E8612398027800665876 = {
						CreatedOnToolsVersion = 11.2.1;
						TestTargetID = 8425E84B2398027600665876;
					};
					8425E86C2398027800665876 = {
						CreatedOnToolsVersion = 11.2.1;
						TestTargetID = 8425E84B2398027600665876;
					};
				};
			};
			buildConfigurationList = 8425E8472398027600665876 /* Build configuration list for PBXProject "CompaniesMembers" */;
			compatibilityVersion = "Xcode 9.3";
			developmentRegion = en;
			hasScannedForEncodings = 0;
			knownRegions = (
				en,
				Base,
			);
			mainGroup = 8425E8432398027600665876;
			productRefGroup = 8425E84D2398027600665876 /* Products */;
			projectDirPath = "";
			projectRoot = "";
			targets = (
				8425E84B2398027600665876 /* CompaniesMembers */,
				8425E8612398027800665876 /* CompaniesMembersTests */,
				8425E86C2398027800665876 /* CompaniesMembersUITests */,
			);
		};
/* End PBXProject section */

/* Begin PBXResourcesBuildPhase section */
		8425E84A2398027600665876 /* Resources */ = {
			isa = PBXResourcesBuildPhase;
			buildActionMask = 2147483647;
			files = (
				8425E85C2398027700665876 /* LaunchScreen.storyboard in Resources */,
				8425E8592398027700665876 /* Assets.xcassets in Resources */,
				8425E8572398027600665876 /* Main.storyboard in Resources */,
				8425E897239806FD00665876 /* CompanyTableViewCell.xib in Resources */,
				8425E89D2398071E00665876 /* MemberTableViewCell.xib in Resources */,
			);
			runOnlyForDeploymentPostprocessing = 0;
		};
		8425E8602398027800665876 /* Resources */ = {
			isa = PBXResourcesBuildPhase;
			buildActionMask = 2147483647;
			files = (
			);
			runOnlyForDeploymentPostprocessing = 0;
		};
		8425E86B2398027800665876 /* Resources */ = {
			isa = PBXResourcesBuildPhase;
			buildActionMask = 2147483647;
			files = (
			);
			runOnlyForDeploymentPostprocessing = 0;
		};
/* End PBXResourcesBuildPhase section */

/* Begin PBXShellScriptBuildPhase section */
		04EC263CC5D5E27191CA7C40 /* [CP] Check Pods Manifest.lock */ = {
			isa = PBXShellScriptBuildPhase;
			buildActionMask = 2147483647;
			files = (
			);
			inputFileListPaths = (
			);
			inputPaths = (
				"${PODS_PODFILE_DIR_PATH}/Podfile.lock",
				"${PODS_ROOT}/Manifest.lock",
			);
			name = "[CP] Check Pods Manifest.lock";
			outputFileListPaths = (
			);
			outputPaths = (
				"$(DERIVED_FILE_DIR)/Pods-CompaniesMembers-CompaniesMembersUITests-checkManifestLockResult.txt",
			);
			runOnlyForDeploymentPostprocessing = 0;
			shellPath = /bin/sh;
			shellScript = "diff \"${PODS_PODFILE_DIR_PATH}/Podfile.lock\" \"${PODS_ROOT}/Manifest.lock\" > /dev/null\nif [ $? != 0 ] ; then\n    # print error to STDERR\n    echo \"error: The sandbox is not in sync with the Podfile.lock. Run 'pod install' or update your CocoaPods installation.\" >&2\n    exit 1\nfi\n# This output is used by Xcode 'outputs' to avoid re-running this script phase.\necho \"SUCCESS\" > \"${SCRIPT_OUTPUT_FILE_0}\"\n";
			showEnvVarsInLog = 0;
		};
		1026E83976B489FD852E9F67 /* [CP] Embed Pods Frameworks */ = {
			isa = PBXShellScriptBuildPhase;
			buildActionMask = 2147483647;
			files = (
			);
			inputFileListPaths = (
				"${PODS_ROOT}/Target Support Files/Pods-CompaniesMembers/Pods-CompaniesMembers-frameworks-${CONFIGURATION}-input-files.xcfilelist",
			);
			name = "[CP] Embed Pods Frameworks";
			outputFileListPaths = (
				"${PODS_ROOT}/Target Support Files/Pods-CompaniesMembers/Pods-CompaniesMembers-frameworks-${CONFIGURATION}-output-files.xcfilelist",
			);
			runOnlyForDeploymentPostprocessing = 0;
			shellPath = /bin/sh;
			shellScript = "\"${PODS_ROOT}/Target Support Files/Pods-CompaniesMembers/Pods-CompaniesMembers-frameworks.sh\"\n";
			showEnvVarsInLog = 0;
		};
		944899A2CB4F75713A86ECC4 /* [CP] Embed Pods Frameworks */ = {
			isa = PBXShellScriptBuildPhase;
			buildActionMask = 2147483647;
			files = (
			);
			inputFileListPaths = (
				"${PODS_ROOT}/Target Support Files/Pods-CompaniesMembers-CompaniesMembersUITests/Pods-CompaniesMembers-CompaniesMembersUITests-frameworks-${CONFIGURATION}-input-files.xcfilelist",
			);
			name = "[CP] Embed Pods Frameworks";
			outputFileListPaths = (
				"${PODS_ROOT}/Target Support Files/Pods-CompaniesMembers-CompaniesMembersUITests/Pods-CompaniesMembers-CompaniesMembersUITests-frameworks-${CONFIGURATION}-output-files.xcfilelist",
			);
			runOnlyForDeploymentPostprocessing = 0;
			shellPath = /bin/sh;
			shellScript = "\"${PODS_ROOT}/Target Support Files/Pods-CompaniesMembers-CompaniesMembersUITests/Pods-CompaniesMembers-CompaniesMembersUITests-frameworks.sh\"\n";
			showEnvVarsInLog = 0;
		};
		DB9C7B08FA5ECAD50A115F7E /* [CP] Check Pods Manifest.lock */ = {
			isa = PBXShellScriptBuildPhase;
			buildActionMask = 2147483647;
			files = (
			);
			inputFileListPaths = (
			);
			inputPaths = (
				"${PODS_PODFILE_DIR_PATH}/Podfile.lock",
				"${PODS_ROOT}/Manifest.lock",
			);
			name = "[CP] Check Pods Manifest.lock";
			outputFileListPaths = (
			);
			outputPaths = (
				"$(DERIVED_FILE_DIR)/Pods-CompaniesMembers-checkManifestLockResult.txt",
			);
			runOnlyForDeploymentPostprocessing = 0;
			shellPath = /bin/sh;
			shellScript = "diff \"${PODS_PODFILE_DIR_PATH}/Podfile.lock\" \"${PODS_ROOT}/Manifest.lock\" > /dev/null\nif [ $? != 0 ] ; then\n    # print error to STDERR\n    echo \"error: The sandbox is not in sync with the Podfile.lock. Run 'pod install' or update your CocoaPods installation.\" >&2\n    exit 1\nfi\n# This output is used by Xcode 'outputs' to avoid re-running this script phase.\necho \"SUCCESS\" > \"${SCRIPT_OUTPUT_FILE_0}\"\n";
			showEnvVarsInLog = 0;
		};
		EEDE2D025E7CBE1AFD7CF4B2 /* [CP] Check Pods Manifest.lock */ = {
			isa = PBXShellScriptBuildPhase;
			buildActionMask = 2147483647;
			files = (
			);
			inputFileListPaths = (
			);
			inputPaths = (
				"${PODS_PODFILE_DIR_PATH}/Podfile.lock",
				"${PODS_ROOT}/Manifest.lock",
			);
			name = "[CP] Check Pods Manifest.lock";
			outputFileListPaths = (
			);
			outputPaths = (
				"$(DERIVED_FILE_DIR)/Pods-CompaniesMembersTests-checkManifestLockResult.txt",
			);
			runOnlyForDeploymentPostprocessing = 0;
			shellPath = /bin/sh;
			shellScript = "diff \"${PODS_PODFILE_DIR_PATH}/Podfile.lock\" \"${PODS_ROOT}/Manifest.lock\" > /dev/null\nif [ $? != 0 ] ; then\n    # print error to STDERR\n    echo \"error: The sandbox is not in sync with the Podfile.lock. Run 'pod install' or update your CocoaPods installation.\" >&2\n    exit 1\nfi\n# This output is used by Xcode 'outputs' to avoid re-running this script phase.\necho \"SUCCESS\" > \"${SCRIPT_OUTPUT_FILE_0}\"\n";
			showEnvVarsInLog = 0;
		};
/* End PBXShellScriptBuildPhase section */

/* Begin PBXSourcesBuildPhase section */
		8425E8482398027600665876 /* Sources */ = {
			isa = PBXSourcesBuildPhase;
			buildActionMask = 2147483647;
			files = (
				8425E8A523980D2F00665876 /* Bindable.swift in Sources */,
				8425E89F2398073300665876 /* CompanyRepo.swift in Sources */,
				8425E896239806FD00665876 /* CompanyTableViewCell.swift in Sources */,
				8425E8502398027600665876 /* AppDelegate.swift in Sources */,
				84C5B10323981E1D00702771 /* CompanyListViewModel.swift in Sources */,
				8425E89C2398071E00665876 /* MemberTableViewCell.swift in Sources */,
				8425E8A12398079100665876 /* ListViewModel.swift in Sources */,
				8425E8522398027600665876 /* SceneDelegate.swift in Sources */,
				8425E8AF2398132000665876 /* ListItemViewModel.swift in Sources */,
				84C5B10523981E2700702771 /* MemberListViewModel.swift in Sources */,
				84C5B1072399893B00702771 /* String+Extension.swift in Sources */,
				84C5B1012398172300702771 /* MemberListItemViewModel.swift in Sources */,
				8425E8AB2398130100665876 /* CompanyListViewController.swift in Sources */,
				8425E8AD2398130F00665876 /* MemberListViewController.swift in Sources */,
				8425E8912398067F00665876 /* Company.swift in Sources */,
				8425E8B2239814CD00665876 /* CompanyListItemViewModel.swift in Sources */,
				8425E8A9239812E000665876 /* ListViewController.swift in Sources */,
				8425E8932398068800665876 /* Member.swift in Sources */,
			);
			runOnlyForDeploymentPostprocessing = 0;
		};
		8425E85E2398027800665876 /* Sources */ = {
			isa = PBXSourcesBuildPhase;
			buildActionMask = 2147483647;
			files = (
				8425E8A723980D5200665876 /* BindableTest.swift in Sources */,
				8425E8672398027800665876 /* CompaniesMembersTests.swift in Sources */,
			);
			runOnlyForDeploymentPostprocessing = 0;
		};
		8425E8692398027800665876 /* Sources */ = {
			isa = PBXSourcesBuildPhase;
			buildActionMask = 2147483647;
			files = (
				8425E8722398027800665876 /* CompaniesMembersUITests.swift in Sources */,
			);
			runOnlyForDeploymentPostprocessing = 0;
		};
/* End PBXSourcesBuildPhase section */

/* Begin PBXTargetDependency section */
		8425E8642398027800665876 /* PBXTargetDependency */ = {
			isa = PBXTargetDependency;
			target = 8425E84B2398027600665876 /* CompaniesMembers */;
			targetProxy = 8425E8632398027800665876 /* PBXContainerItemProxy */;
		};
		8425E86F2398027800665876 /* PBXTargetDependency */ = {
			isa = PBXTargetDependency;
			target = 8425E84B2398027600665876 /* CompaniesMembers */;
			targetProxy = 8425E86E2398027800665876 /* PBXContainerItemProxy */;
		};
/* End PBXTargetDependency section */

/* Begin PBXVariantGroup section */
		8425E8552398027600665876 /* Main.storyboard */ = {
			isa = PBXVariantGroup;
			children = (
				8425E8562398027600665876 /* Base */,
			);
			name = Main.storyboard;
			sourceTree = "<group>";
		};
		8425E85A2398027700665876 /* LaunchScreen.storyboard */ = {
			isa = PBXVariantGroup;
			children = (
				8425E85B2398027700665876 /* Base */,
			);
			name = LaunchScreen.storyboard;
			sourceTree = "<group>";
		};
/* End PBXVariantGroup section */

/* Begin XCBuildConfiguration section */
		8425E8742398027800665876 /* Debug */ = {
			isa = XCBuildConfiguration;
			buildSettings = {
				ALWAYS_SEARCH_USER_PATHS = NO;
				CLANG_ANALYZER_NONNULL = YES;
				CLANG_ANALYZER_NUMBER_OBJECT_CONVERSION = YES_AGGRESSIVE;
				CLANG_CXX_LANGUAGE_STANDARD = "gnu++14";
				CLANG_CXX_LIBRARY = "libc++";
				CLANG_ENABLE_MODULES = YES;
				CLANG_ENABLE_OBJC_ARC = YES;
				CLANG_ENABLE_OBJC_WEAK = YES;
				CLANG_WARN_BLOCK_CAPTURE_AUTORELEASING = YES;
				CLANG_WARN_BOOL_CONVERSION = YES;
				CLANG_WARN_COMMA = YES;
				CLANG_WARN_CONSTANT_CONVERSION = YES;
				CLANG_WARN_DEPRECATED_OBJC_IMPLEMENTATIONS = YES;
				CLANG_WARN_DIRECT_OBJC_ISA_USAGE = YES_ERROR;
				CLANG_WARN_DOCUMENTATION_COMMENTS = YES;
				CLANG_WARN_EMPTY_BODY = YES;
				CLANG_WARN_ENUM_CONVERSION = YES;
				CLANG_WARN_INFINITE_RECURSION = YES;
				CLANG_WARN_INT_CONVERSION = YES;
				CLANG_WARN_NON_LITERAL_NULL_CONVERSION = YES;
				CLANG_WARN_OBJC_IMPLICIT_RETAIN_SELF = YES;
				CLANG_WARN_OBJC_LITERAL_CONVERSION = YES;
				CLANG_WARN_OBJC_ROOT_CLASS = YES_ERROR;
				CLANG_WARN_RANGE_LOOP_ANALYSIS = YES;
				CLANG_WARN_STRICT_PROTOTYPES = YES;
				CLANG_WARN_SUSPICIOUS_MOVE = YES;
				CLANG_WARN_UNGUARDED_AVAILABILITY = YES_AGGRESSIVE;
				CLANG_WARN_UNREACHABLE_CODE = YES;
				CLANG_WARN__DUPLICATE_METHOD_MATCH = YES;
				COPY_PHASE_STRIP = NO;
				DEBUG_INFORMATION_FORMAT = dwarf;
				ENABLE_STRICT_OBJC_MSGSEND = YES;
				ENABLE_TESTABILITY = YES;
				GCC_C_LANGUAGE_STANDARD = gnu11;
				GCC_DYNAMIC_NO_PIC = NO;
				GCC_NO_COMMON_BLOCKS = YES;
				GCC_OPTIMIZATION_LEVEL = 0;
				GCC_PREPROCESSOR_DEFINITIONS = (
					"DEBUG=1",
					"$(inherited)",
				);
				GCC_WARN_64_TO_32_BIT_CONVERSION = YES;
				GCC_WARN_ABOUT_RETURN_TYPE = YES_ERROR;
				GCC_WARN_UNDECLARED_SELECTOR = YES;
				GCC_WARN_UNINITIALIZED_AUTOS = YES_AGGRESSIVE;
				GCC_WARN_UNUSED_FUNCTION = YES;
				GCC_WARN_UNUSED_VARIABLE = YES;
				IPHONEOS_DEPLOYMENT_TARGET = 13.2;
				MTL_ENABLE_DEBUG_INFO = INCLUDE_SOURCE;
				MTL_FAST_MATH = YES;
				ONLY_ACTIVE_ARCH = YES;
				SDKROOT = iphoneos;
				SWIFT_ACTIVE_COMPILATION_CONDITIONS = DEBUG;
				SWIFT_OPTIMIZATION_LEVEL = "-Onone";
			};
			name = Debug;
		};
		8425E8752398027800665876 /* Release */ = {
			isa = XCBuildConfiguration;
			buildSettings = {
				ALWAYS_SEARCH_USER_PATHS = NO;
				CLANG_ANALYZER_NONNULL = YES;
				CLANG_ANALYZER_NUMBER_OBJECT_CONVERSION = YES_AGGRESSIVE;
				CLANG_CXX_LANGUAGE_STANDARD = "gnu++14";
				CLANG_CXX_LIBRARY = "libc++";
				CLANG_ENABLE_MODULES = YES;
				CLANG_ENABLE_OBJC_ARC = YES;
				CLANG_ENABLE_OBJC_WEAK = YES;
				CLANG_WARN_BLOCK_CAPTURE_AUTORELEASING = YES;
				CLANG_WARN_BOOL_CONVERSION = YES;
				CLANG_WARN_COMMA = YES;
				CLANG_WARN_CONSTANT_CONVERSION = YES;
				CLANG_WARN_DEPRECATED_OBJC_IMPLEMENTATIONS = YES;
				CLANG_WARN_DIRECT_OBJC_ISA_USAGE = YES_ERROR;
				CLANG_WARN_DOCUMENTATION_COMMENTS = YES;
				CLANG_WARN_EMPTY_BODY = YES;
				CLANG_WARN_ENUM_CONVERSION = YES;
				CLANG_WARN_INFINITE_RECURSION = YES;
				CLANG_WARN_INT_CONVERSION = YES;
				CLANG_WARN_NON_LITERAL_NULL_CONVERSION = YES;
				CLANG_WARN_OBJC_IMPLICIT_RETAIN_SELF = YES;
				CLANG_WARN_OBJC_LITERAL_CONVERSION = YES;
				CLANG_WARN_OBJC_ROOT_CLASS = YES_ERROR;
				CLANG_WARN_RANGE_LOOP_ANALYSIS = YES;
				CLANG_WARN_STRICT_PROTOTYPES = YES;
				CLANG_WARN_SUSPICIOUS_MOVE = YES;
				CLANG_WARN_UNGUARDED_AVAILABILITY = YES_AGGRESSIVE;
				CLANG_WARN_UNREACHABLE_CODE = YES;
				CLANG_WARN__DUPLICATE_METHOD_MATCH = YES;
				COPY_PHASE_STRIP = NO;
				DEBUG_INFORMATION_FORMAT = "dwarf-with-dsym";
				ENABLE_NS_ASSERTIONS = NO;
				ENABLE_STRICT_OBJC_MSGSEND = YES;
				GCC_C_LANGUAGE_STANDARD = gnu11;
				GCC_NO_COMMON_BLOCKS = YES;
				GCC_WARN_64_TO_32_BIT_CONVERSION = YES;
				GCC_WARN_ABOUT_RETURN_TYPE = YES_ERROR;
				GCC_WARN_UNDECLARED_SELECTOR = YES;
				GCC_WARN_UNINITIALIZED_AUTOS = YES_AGGRESSIVE;
				GCC_WARN_UNUSED_FUNCTION = YES;
				GCC_WARN_UNUSED_VARIABLE = YES;
				IPHONEOS_DEPLOYMENT_TARGET = 13.2;
				MTL_ENABLE_DEBUG_INFO = NO;
				MTL_FAST_MATH = YES;
				SDKROOT = iphoneos;
				SWIFT_COMPILATION_MODE = wholemodule;
				SWIFT_OPTIMIZATION_LEVEL = "-O";
				VALIDATE_PRODUCT = YES;
			};
			name = Release;
		};
		8425E8772398027800665876 /* Debug */ = {
			isa = XCBuildConfiguration;
			baseConfigurationReference = 7601DE7133D897D628B4474C /* Pods-CompaniesMembers.debug.xcconfig */;
			buildSettings = {
				ASSETCATALOG_COMPILER_APPICON_NAME = AppIcon;
				CODE_SIGN_STYLE = Automatic;
				DEVELOPMENT_TEAM = GVUH4TQN58;
				INFOPLIST_FILE = CompaniesMembers/Info.plist;
				LD_RUNPATH_SEARCH_PATHS = (
					"$(inherited)",
					"@executable_path/Frameworks",
				);
				PRODUCT_BUNDLE_IDENTIFIER = com.kasper.personal.CompaniesMembers;
				PRODUCT_NAME = "$(TARGET_NAME)";
				SWIFT_VERSION = 5.0;
				TARGETED_DEVICE_FAMILY = "1,2";
			};
			name = Debug;
		};
		8425E8782398027800665876 /* Release */ = {
			isa = XCBuildConfiguration;
			baseConfigurationReference = C39BB10416B4C97191D97DFB /* Pods-CompaniesMembers.release.xcconfig */;
			buildSettings = {
				ASSETCATALOG_COMPILER_APPICON_NAME = AppIcon;
				CODE_SIGN_STYLE = Automatic;
				DEVELOPMENT_TEAM = GVUH4TQN58;
				INFOPLIST_FILE = CompaniesMembers/Info.plist;
				LD_RUNPATH_SEARCH_PATHS = (
					"$(inherited)",
					"@executable_path/Frameworks",
				);
				PRODUCT_BUNDLE_IDENTIFIER = com.kasper.personal.CompaniesMembers;
				PRODUCT_NAME = "$(TARGET_NAME)";
				SWIFT_VERSION = 5.0;
				TARGETED_DEVICE_FAMILY = "1,2";
			};
			name = Release;
		};
		8425E87A2398027800665876 /* Debug */ = {
			isa = XCBuildConfiguration;
			baseConfigurationReference = D2E4E4F07579958E1A6B0500 /* Pods-CompaniesMembersTests.debug.xcconfig */;
			buildSettings = {
				ALWAYS_EMBED_SWIFT_STANDARD_LIBRARIES = YES;
				BUNDLE_LOADER = "$(TEST_HOST)";
				CODE_SIGN_STYLE = Automatic;
				DEVELOPMENT_TEAM = GVUH4TQN58;
				INFOPLIST_FILE = CompaniesMembersTests/Info.plist;
				IPHONEOS_DEPLOYMENT_TARGET = 13.2;
				LD_RUNPATH_SEARCH_PATHS = (
					"$(inherited)",
					"@executable_path/Frameworks",
					"@loader_path/Frameworks",
				);
				PRODUCT_BUNDLE_IDENTIFIER = com.kasper.personal.CompaniesMembersTests;
				PRODUCT_NAME = "$(TARGET_NAME)";
				SWIFT_VERSION = 5.0;
				TARGETED_DEVICE_FAMILY = "1,2";
				TEST_HOST = "$(BUILT_PRODUCTS_DIR)/CompaniesMembers.app/CompaniesMembers";
			};
			name = Debug;
		};
		8425E87B2398027800665876 /* Release */ = {
			isa = XCBuildConfiguration;
			baseConfigurationReference = 978AD8E07A6DB89A45271411 /* Pods-CompaniesMembersTests.release.xcconfig */;
			buildSettings = {
				ALWAYS_EMBED_SWIFT_STANDARD_LIBRARIES = YES;
				BUNDLE_LOADER = "$(TEST_HOST)";
				CODE_SIGN_STYLE = Automatic;
				DEVELOPMENT_TEAM = GVUH4TQN58;
				INFOPLIST_FILE = CompaniesMembersTests/Info.plist;
				IPHONEOS_DEPLOYMENT_TARGET = 13.2;
				LD_RUNPATH_SEARCH_PATHS = (
					"$(inherited)",
					"@executable_path/Frameworks",
					"@loader_path/Frameworks",
				);
				PRODUCT_BUNDLE_IDENTIFIER = com.kasper.personal.CompaniesMembersTests;
				PRODUCT_NAME = "$(TARGET_NAME)";
				SWIFT_VERSION = 5.0;
				TARGETED_DEVICE_FAMILY = "1,2";
				TEST_HOST = "$(BUILT_PRODUCTS_DIR)/CompaniesMembers.app/CompaniesMembers";
			};
			name = Release;
		};
		8425E87D2398027800665876 /* Debug */ = {
			isa = XCBuildConfiguration;
			baseConfigurationReference = 59A5613296FF1D0900540EE2 /* Pods-CompaniesMembers-CompaniesMembersUITests.debug.xcconfig */;
			buildSettings = {
				ALWAYS_EMBED_SWIFT_STANDARD_LIBRARIES = YES;
				CODE_SIGN_STYLE = Automatic;
				DEVELOPMENT_TEAM = GVUH4TQN58;
				INFOPLIST_FILE = CompaniesMembersUITests/Info.plist;
				LD_RUNPATH_SEARCH_PATHS = (
					"$(inherited)",
					"@executable_path/Frameworks",
					"@loader_path/Frameworks",
				);
				PRODUCT_BUNDLE_IDENTIFIER = com.kasper.personal.CompaniesMembersUITests;
				PRODUCT_NAME = "$(TARGET_NAME)";
				SWIFT_VERSION = 5.0;
				TARGETED_DEVICE_FAMILY = "1,2";
				TEST_TARGET_NAME = CompaniesMembers;
			};
			name = Debug;
		};
		8425E87E2398027800665876 /* Release */ = {
			isa = XCBuildConfiguration;
			baseConfigurationReference = 4BF5BC1C060DEFCF249BBF4A /* Pods-CompaniesMembers-CompaniesMembersUITests.release.xcconfig */;
			buildSettings = {
				ALWAYS_EMBED_SWIFT_STANDARD_LIBRARIES = YES;
				CODE_SIGN_STYLE = Automatic;
				DEVELOPMENT_TEAM = GVUH4TQN58;
				INFOPLIST_FILE = CompaniesMembersUITests/Info.plist;
				LD_RUNPATH_SEARCH_PATHS = (
					"$(inherited)",
					"@executable_path/Frameworks",
					"@loader_path/Frameworks",
				);
				PRODUCT_BUNDLE_IDENTIFIER = com.kasper.personal.CompaniesMembersUITests;
				PRODUCT_NAME = "$(TARGET_NAME)";
				SWIFT_VERSION = 5.0;
				TARGETED_DEVICE_FAMILY = "1,2";
				TEST_TARGET_NAME = CompaniesMembers;
			};
			name = Release;
		};
/* End XCBuildConfiguration section */

/* Begin XCConfigurationList section */
		8425E8472398027600665876 /* Build configuration list for PBXProject "CompaniesMembers" */ = {
			isa = XCConfigurationList;
			buildConfigurations = (
				8425E8742398027800665876 /* Debug */,
				8425E8752398027800665876 /* Release */,
			);
			defaultConfigurationIsVisible = 0;
			defaultConfigurationName = Release;
		};
		8425E8762398027800665876 /* Build configuration list for PBXNativeTarget "CompaniesMembers" */ = {
			isa = XCConfigurationList;
			buildConfigurations = (
				8425E8772398027800665876 /* Debug */,
				8425E8782398027800665876 /* Release */,
			);
			defaultConfigurationIsVisible = 0;
			defaultConfigurationName = Release;
		};
		8425E8792398027800665876 /* Build configuration list for PBXNativeTarget "CompaniesMembersTests" */ = {
			isa = XCConfigurationList;
			buildConfigurations = (
				8425E87A2398027800665876 /* Debug */,
				8425E87B2398027800665876 /* Release */,
			);
			defaultConfigurationIsVisible = 0;
			defaultConfigurationName = Release;
		};
		8425E87C2398027800665876 /* Build configuration list for PBXNativeTarget "CompaniesMembersUITests" */ = {
			isa = XCConfigurationList;
			buildConfigurations = (
				8425E87D2398027800665876 /* Debug */,
				8425E87E2398027800665876 /* Release */,
			);
			defaultConfigurationIsVisible = 0;
			defaultConfigurationName = Release;
		};
/* End XCConfigurationList section */
	};
	rootObject = 8425E8442398027600665876 /* Project object */;
}
